
Microsoft Visual Studio Solution File, Format Version 12.00
# Visual Studio Version 17
VisualStudioVersion = 17.14.36127.28 d17.14
MinimumVisualStudioVersion = 10.0.40219.1
Project("{FAE04EC0-301F-11D3-BF4B-00C04F79EFBC}") = "Restaurant-Management-System", "Restaurant-Management-System\Restaurant-Management-System.csproj", "{B97922B8-2124-4DA1-B6C3-BEBC0BE9E28D}"
EndProject
Project("{FAE04EC0-301F-11D3-BF4B-00C04F79EFBC}") = "BusinessLayer", "BusinessLayer\BusinessLayer.csproj", "{0239C9A6-B7D7-D33F-C2D5-F469C95A9F18}"
EndProject
Project("{FAE04EC0-301F-11D3-BF4B-00C04F79EFBC}") = "DataAccessLayer", "DataLayer\DataAccessLayer.csproj", "{8206475D-A8DE-B22F-E7BA-FA27B1C6AF7C}"
EndProject
Project("{FAE04EC0-301F-11D3-BF4B-00C04F79EFBC}") = "Repositories", "Repositories\Repositories.csproj", "{A5B3CFA1-410E-B31F-F804-4CC6C048FE3E}"
EndProject
Project("{FAE04EC0-301F-11D3-BF4B-00C04F79EFBC}") = "Services", "Services\Services.csproj", "{97207750-6972-232F-BB7B-6106666106AF}"
EndProject
Global
	GlobalSection(SolutionConfigurationPlatforms) = preSolution
		Debug|Any CPU = Debug|Any CPU
		Release|Any CPU = Release|Any CPU
	EndGlobalSection
	GlobalSection(ProjectConfigurationPlatforms) = postSolution
		{B97922B8-2124-4DA1-B6C3-BEBC0BE9E28D}.Debug|Any CPU.ActiveCfg = Debug|Any CPU
		{B97922B8-2124-4DA1-B6C3-BEBC0BE9E28D}.Debug|Any CPU.Build.0 = Debug|Any CPU
		{B97922B8-2124-4DA1-B6C3-BEBC0BE9E28D}.Release|Any CPU.ActiveCfg = Release|Any CPU
		{B97922B8-2124-4DA1-B6C3-BEBC0BE9E28D}.Release|Any CPU.Build.0 = Release|Any CPU
		{0239C9A6-B7D7-D33F-C2D5-F469C95A9F18}.Debug|Any CPU.ActiveCfg = Debug|Any CPU
		{0239C9A6-B7D7-D33F-C2D5-F469C95A9F18}.Debug|Any CPU.Build.0 = Debug|Any CPU
		{0239C9A6-B7D7-D33F-C2D5-F469C95A9F18}.Release|Any CPU.ActiveCfg = Release|Any CPU
		{0239C9A6-B7D7-D33F-C2D5-F469C95A9F18}.Release|Any CPU.Build.0 = Release|Any CPU
		{8206475D-A8DE-B22F-E7BA-FA27B1C6AF7C}.Debug|Any CPU.ActiveCfg = Debug|Any CPU
		{8206475D-A8DE-B22F-E7BA-FA27B1C6AF7C}.Debug|Any CPU.Build.0 = Debug|Any CPU
		{8206475D-A8DE-B22F-E7BA-FA27B1C6AF7C}.Release|Any CPU.ActiveCfg = Release|Any CPU
		{8206475D-A8DE-B22F-E7BA-FA27B1C6AF7C}.Release|Any CPU.Build.0 = Release|Any CPU
		{A5B3CFA1-410E-B31F-F804-4CC6C048FE3E}.Debug|Any CPU.ActiveCfg = Debug|Any CPU
		{A5B3CFA1-410E-B31F-F804-4CC6C048FE3E}.Debug|Any CPU.Build.0 = Debug|Any CPU
		{A5B3CFA1-410E-B31F-F804-4CC6C048FE3E}.Release|Any CPU.ActiveCfg = Release|Any CPU
		{A5B3CFA1-410E-B31F-F804-4CC6C048FE3E}.Release|Any CPU.Build.0 = Release|Any CPU
		{97207750-6972-232F-BB7B-6106666106AF}.Debug|Any CPU.ActiveCfg = Debug|Any CPU
		{97207750-6972-232F-BB7B-6106666106AF}.Debug|Any CPU.Build.0 = Debug|Any CPU
		{97207750-6972-232F-BB7B-6106666106AF}.Release|Any CPU.ActiveCfg = Release|Any CPU
		{97207750-6972-232F-BB7B-6106666106AF}.Release|Any CPU.Build.0 = Release|Any CPU
	EndGlobalSection
	GlobalSection(SolutionProperties) = preSolution
		HideSolutionNode = FALSE
	EndGlobalSection
	GlobalSection(ExtensibilityGlobals) = postSolution
		SolutionGuid = {741970AC-7DC1-44E8-A3DA-A0F8D0C588F3}
	EndGlobalSection
EndGlobal
